
Microsoft Visual Studio Solution File, Format Version 11.00
# Visual C++ Express 2010
Project("{8BC9CEB8-8B4A-11D0-8D11-00A0C91BC942}") = "SDL2_test", "SDL2_test\SDL2_test.vcxproj", "{D092DA55-9EB9-403B-8CAC-2087BB99CFC6}"
EndProject
Global
	GlobalSection(SolutionConfigurationPlatforms) = preSolution
		Debug|Win32 = Debug|Win32
		Release|Win32 = Release|Win32
	EndGlobalSection
	GlobalSection(ProjectConfigurationPlatforms) = postSolution
		{D092DA55-9EB9-403B-8CAC-2087BB99CFC6}.Debug|Win32.ActiveCfg = Debug|Win32
		{D092DA55-9EB9-403B-8CAC-2087BB99CFC6}.Debug|Win32.Build.0 = Debug|Win32
		{D092DA55-9EB9-403B-8CAC-2087BB99CFC6}.Release|Win32.ActiveCfg = Release|Win32
		{D092DA55-9EB9-403B-8CAC-2087BB99CFC6}.Release|Win32.Build.0 = Release|Win32
	EndGlobalSection
	GlobalSection(SolutionProperties) = preSolution
		HideSolutionNode = FALSE
	EndGlobalSection
EndGlobal
